
Microsoft Visual Studio Solution File, Format Version 12.00
# Visual Studio Version 17
VisualStudioVersion = 17.8.34601.278
MinimumVisualStudioVersion = 10.0.40219.1
Project("{9A19103F-16F7-4668-BE54-9A1E7A4F7556}") = "TennisProjekt24", "TennisProjekt24\TennisProjekt24.csproj", "{D2792F64-1E3E-4B7C-BA22-169152989F7A}"
EndProject
Project("{FAE04EC0-301F-11D3-BF4B-00C04F79EFBC}") = "TennisProjekt24Test", "TennisProjekt24Test\TennisProjekt24Test.csproj", "{72DD097F-45B9-42BF-BFE6-F3701055CBAB}"
EndProject
Global
	GlobalSection(SolutionConfigurationPlatforms) = preSolution
		Debug|Any CPU = Debug|Any CPU
		Release|Any CPU = Release|Any CPU
	EndGlobalSection
	GlobalSection(ProjectConfigurationPlatforms) = postSolution
		{D2792F64-1E3E-4B7C-BA22-169152989F7A}.Debug|Any CPU.ActiveCfg = Debug|Any CPU
		{D2792F64-1E3E-4B7C-BA22-169152989F7A}.Debug|Any CPU.Build.0 = Debug|Any CPU
		{D2792F64-1E3E-4B7C-BA22-169152989F7A}.Release|Any CPU.ActiveCfg = Release|Any CPU
		{D2792F64-1E3E-4B7C-BA22-169152989F7A}.Release|Any CPU.Build.0 = Release|Any CPU
		{72DD097F-45B9-42BF-BFE6-F3701055CBAB}.Debug|Any CPU.ActiveCfg = Debug|Any CPU
		{72DD097F-45B9-42BF-BFE6-F3701055CBAB}.Debug|Any CPU.Build.0 = Debug|Any CPU
		{72DD097F-45B9-42BF-BFE6-F3701055CBAB}.Release|Any CPU.ActiveCfg = Release|Any CPU
		{72DD097F-45B9-42BF-BFE6-F3701055CBAB}.Release|Any CPU.Build.0 = Release|Any CPU
	EndGlobalSection
	GlobalSection(SolutionProperties) = preSolution
		HideSolutionNode = FALSE
	EndGlobalSection
	GlobalSection(ExtensibilityGlobals) = postSolution
		SolutionGuid = {04F7DDFF-85A5-4B3B-A446-2E69217632B2}
	EndGlobalSection
EndGlobal
